// !$*UTF8*$!
{
	archiveVersion = 1;
	classes = {
	};
	objectVersion = 70;
	objects = {

/* Begin PBXBuildFile section */
		C5826C302DE4124200BD0022 /* Alamofire in Frameworks */ = {isa = PBXBuildFile; productRef = C5826C2F2DE4124200BD0022 /* Alamofire */; };
		C58BAE6E2D69181200AD9559 /* Kingfisher in Frameworks */ = {isa = PBXBuildFile; productRef = C58BAE6D2D69181200AD9559 /* Kingfisher */; };
		C5AFD62E2DA7425500B3D244 /* GoogleService-Info.plist in Resources */ = {isa = PBXBuildFile; fileRef = C5AFD62D2DA7425500B3D244 /* GoogleService-Info.plist */; };
		C5C47C0A2CC9D8FF00238099 /* FirebaseAuth in Frameworks */ = {isa = PBXBuildFile; productRef = C5C47C092CC9D8FF00238099 /* FirebaseAuth */; };
		C5C47C0D2CCAE5D500238099 /* GoogleSignIn in Frameworks */ = {isa = PBXBuildFile; productRef = C5C47C0C2CCAE5D500238099 /* GoogleSignIn */; };
		C5C47C0F2CCAE5D500238099 /* GoogleSignInSwift in Frameworks */ = {isa = PBXBuildFile; productRef = C5C47C0E2CCAE5D500238099 /* GoogleSignInSwift */; };
		C5E4E7422CC07B2A000A06C4 /* FirebaseAnalytics in Frameworks */ = {isa = PBXBuildFile; productRef = C5E4E7412CC07B2A000A06C4 /* FirebaseAnalytics */; };
		C5E4E7482CC08509000A06C4 /* FirebaseAnalytics in Frameworks */ = {isa = PBXBuildFile; productRef = C5E4E7472CC08509000A06C4 /* FirebaseAnalytics */; };
		C5E4E74A2CC08509000A06C4 /* FirebaseAnalyticsOnDeviceConversion in Frameworks */ = {isa = PBXBuildFile; productRef = C5E4E7492CC08509000A06C4 /* FirebaseAnalyticsOnDeviceConversion */; };
		C5E4E74E2CC086EE000A06C4 /* FirebaseAnalytics in Frameworks */ = {isa = PBXBuildFile; productRef = C5E4E74D2CC086EE000A06C4 /* FirebaseAnalytics */; };
		C5E4E7562CC090E5000A06C4 /* FirebaseAnalytics in Frameworks */ = {isa = PBXBuildFile; productRef = C5E4E7552CC090E5000A06C4 /* FirebaseAnalytics */; };
		C5E4E7582CC09545000A06C4 /* FirebaseAnalytics in Frameworks */ = {isa = PBXBuildFile; productRef = C5E4E7572CC09545000A06C4 /* FirebaseAnalytics */; };
		C5E4E75D2CC09670000A06C4 /* FirebaseAnalyticsOnDeviceConversion in Frameworks */ = {isa = PBXBuildFile; productRef = C5E4E75C2CC09670000A06C4 /* FirebaseAnalyticsOnDeviceConversion */; };
/* End PBXBuildFile section */

/* Begin PBXContainerItemProxy section */
		C5B49F212D5AC965005AE2A9 /* PBXContainerItemProxy */ = {
			isa = PBXContainerItemProxy;
			containerPortal = C58673FF2AC71FD3000FCD5B /* Project object */;
			proxyType = 1;
			remoteGlobalIDString = C58674062AC71FD3000FCD5B;
			remoteInfo = Pesoblu;
		};
/* End PBXContainerItemProxy section */

/* Begin PBXFileReference section */
		C58674072AC71FD3000FCD5B /* Pesoblu.app */ = {isa = PBXFileReference; explicitFileType = wrapper.application; includeInIndex = 0; path = Pesoblu.app; sourceTree = BUILT_PRODUCTS_DIR; };
		C58674182AC71FD5000FCD5B /* Info.plist */ = {isa = PBXFileReference; lastKnownFileType = text.plist.xml; path = Info.plist; sourceTree = "<group>"; };
		C5AFD62D2DA7425500B3D244 /* GoogleService-Info.plist */ = {isa = PBXFileReference; lastKnownFileType = text.plist.xml; path = "GoogleService-Info.plist"; sourceTree = "<group>"; };
		C5B49F1D2D5AC965005AE2A9 /* PesobluTests.xctest */ = {isa = PBXFileReference; explicitFileType = wrapper.cfbundle; includeInIndex = 0; path = PesobluTests.xctest; sourceTree = BUILT_PRODUCTS_DIR; };
/* End PBXFileReference section */

/* Begin PBXFileSystemSynchronizedBuildFileExceptionSet section */
		C5C0EE5F2E32C0C2005729DF /* PBXFileSystemSynchronizedBuildFileExceptionSet */ = {
			isa = PBXFileSystemSynchronizedBuildFileExceptionSet;
			membershipExceptions = (
				PesobluModel.xcdatamodeld,
			);
			target = C5B49F1C2D5AC965005AE2A9 /* PesobluTests */;
		};
/* End PBXFileSystemSynchronizedBuildFileExceptionSet section */

/* Begin PBXFileSystemSynchronizedRootGroup section */
		C561430A2CEC3CDE00760670 /* Misc */ = {isa = PBXFileSystemSynchronizedRootGroup; explicitFileTypes = {}; explicitFolders = (); path = Misc; sourceTree = "<group>"; };
		C5826C602E16F8A200BD0022 /* Coordinators */ = {isa = PBXFileSystemSynchronizedRootGroup; explicitFileTypes = {}; explicitFolders = (); path = Coordinators; sourceTree = "<group>"; };
		C58BAEF92D71129D00AD9559 /* Service */ = {isa = PBXFileSystemSynchronizedRootGroup; explicitFileTypes = {}; explicitFolders = (); path = Service; sourceTree = "<group>"; };
		C58BC0422DC44BD400C6FFD5 /* Models */ = {isa = PBXFileSystemSynchronizedRootGroup; explicitFileTypes = {}; explicitFolders = (); path = Models; sourceTree = "<group>"; };
		C5B49F1E2D5AC965005AE2A9 /* PesobluTests */ = {isa = PBXFileSystemSynchronizedRootGroup; explicitFileTypes = {}; explicitFolders = (); path = PesobluTests; sourceTree = "<group>"; };
		C5C0EDF62E32B3A6005729DF /* App */ = {isa = PBXFileSystemSynchronizedRootGroup; explicitFileTypes = {}; explicitFolders = (); path = App; sourceTree = "<group>"; };
		C5C0EDF72E32B3FF005729DF /* Modules */ = {isa = PBXFileSystemSynchronizedRootGroup; explicitFileTypes = {}; explicitFolders = (); path = Modules; sourceTree = "<group>"; };
		C5C0EE5B2E32C033005729DF /* Utils */ = {isa = PBXFileSystemSynchronizedRootGroup; explicitFileTypes = {}; explicitFolders = (); path = Utils; sourceTree = "<group>"; };
		C5C0EE5C2E32C069005729DF /* Extensions */ = {isa = PBXFileSystemSynchronizedRootGroup; explicitFileTypes = {}; explicitFolders = (); path = Extensions; sourceTree = "<group>"; };
		C5C0EE5E2E32C0BA005729DF /* CoreData */ = {isa = PBXFileSystemSynchronizedRootGroup; exceptions = (C5C0EE5F2E32C0C2005729DF /* PBXFileSystemSynchronizedBuildFileExceptionSet */, ); explicitFileTypes = {}; explicitFolders = (); path = CoreData; sourceTree = "<group>"; };
		C5C0EE602E32C0D0005729DF /* Resources */ = {isa = PBXFileSystemSynchronizedRootGroup; explicitFileTypes = {}; explicitFolders = (); path = Resources; sourceTree = "<group>"; };
		C5C0EE612E32C611005729DF /* Protocols */ = {isa = PBXFileSystemSynchronizedRootGroup; explicitFileTypes = {}; explicitFolders = (); path = Protocols; sourceTree = "<group>"; };
/* End PBXFileSystemSynchronizedRootGroup section */

/* Begin PBXFrameworksBuildPhase section */
		C58674042AC71FD3000FCD5B /* Frameworks */ = {
			isa = PBXFrameworksBuildPhase;
			buildActionMask = 2147483647;
			files = (
				C5E4E7422CC07B2A000A06C4 /* FirebaseAnalytics in Frameworks */,
				C5E4E7562CC090E5000A06C4 /* FirebaseAnalytics in Frameworks */,
				C5E4E74E2CC086EE000A06C4 /* FirebaseAnalytics in Frameworks */,
				C5E4E75D2CC09670000A06C4 /* FirebaseAnalyticsOnDeviceConversion in Frameworks */,
				C5E4E7482CC08509000A06C4 /* FirebaseAnalytics in Frameworks */,
				C5C47C0F2CCAE5D500238099 /* GoogleSignInSwift in Frameworks */,
				C5E4E74A2CC08509000A06C4 /* FirebaseAnalyticsOnDeviceConversion in Frameworks */,
				C5E4E7582CC09545000A06C4 /* FirebaseAnalytics in Frameworks */,
				C58BAE6E2D69181200AD9559 /* Kingfisher in Frameworks */,
				C5826C302DE4124200BD0022 /* Alamofire in Frameworks */,
				C5C47C0A2CC9D8FF00238099 /* FirebaseAuth in Frameworks */,
				C5C47C0D2CCAE5D500238099 /* GoogleSignIn in Frameworks */,
			);
			runOnlyForDeploymentPostprocessing = 0;
		};
		C5B49F1A2D5AC965005AE2A9 /* Frameworks */ = {
			isa = PBXFrameworksBuildPhase;
			buildActionMask = 2147483647;
			files = (
			);
			runOnlyForDeploymentPostprocessing = 0;
		};
/* End PBXFrameworksBuildPhase section */

/* Begin PBXGroup section */
		C58673FE2AC71FD3000FCD5B = {
			isa = PBXGroup;
			children = (
				C58674092AC71FD3000FCD5B /* Pesoblu */,
				C5B49F1E2D5AC965005AE2A9 /* PesobluTests */,
				C5E4E75B2CC09670000A06C4 /* Frameworks */,
				C58674082AC71FD3000FCD5B /* Products */,
			);
			sourceTree = "<group>";
		};
		C58674082AC71FD3000FCD5B /* Products */ = {
			isa = PBXGroup;
			children = (
				C58674072AC71FD3000FCD5B /* Pesoblu.app */,
				C5B49F1D2D5AC965005AE2A9 /* PesobluTests.xctest */,
			);
			name = Products;
			sourceTree = "<group>";
		};
		C58674092AC71FD3000FCD5B /* Pesoblu */ = {
			isa = PBXGroup;
			children = (
				C5C0EE612E32C611005729DF /* Protocols */,
				C5C0EE602E32C0D0005729DF /* Resources */,
				C5C0EE5E2E32C0BA005729DF /* CoreData */,
				C5C0EE5C2E32C069005729DF /* Extensions */,
				C5C0EE5B2E32C033005729DF /* Utils */,
				C5C0EDF72E32B3FF005729DF /* Modules */,
				C5C0EDF62E32B3A6005729DF /* App */,
				C5826C602E16F8A200BD0022 /* Coordinators */,
				C58BC0422DC44BD400C6FFD5 /* Models */,
				C561430A2CEC3CDE00760670 /* Misc */,
				C58BAEF92D71129D00AD9559 /* Service */,
				C5AFD62D2DA7425500B3D244 /* GoogleService-Info.plist */,
				C58674182AC71FD5000FCD5B /* Info.plist */,
			);
			path = Pesoblu;
			sourceTree = "<group>";
		};
		C5E4E75B2CC09670000A06C4 /* Frameworks */ = {
			isa = PBXGroup;
			children = (
			);
			name = Frameworks;
			sourceTree = "<group>";
		};
/* End PBXGroup section */

/* Begin PBXNativeTarget section */
		C58674062AC71FD3000FCD5B /* Pesoblu */ = {
			isa = PBXNativeTarget;
			buildConfigurationList = C586741B2AC71FD5000FCD5B /* Build configuration list for PBXNativeTarget "Pesoblu" */;
			buildPhases = (
				C58674032AC71FD3000FCD5B /* Sources */,
				C58674042AC71FD3000FCD5B /* Frameworks */,
				C58674052AC71FD3000FCD5B /* Resources */,
			);
			buildRules = (
			);
			dependencies = (
			);
			fileSystemSynchronizedGroups = (
				C561430A2CEC3CDE00760670 /* Misc */,
				C5826C602E16F8A200BD0022 /* Coordinators */,
				C58BAEF92D71129D00AD9559 /* Service */,
				C58BC0422DC44BD400C6FFD5 /* Models */,
				C5C0EDF62E32B3A6005729DF /* App */,
				C5C0EDF72E32B3FF005729DF /* Modules */,
				C5C0EE5B2E32C033005729DF /* Utils */,
				C5C0EE5C2E32C069005729DF /* Extensions */,
				C5C0EE5E2E32C0BA005729DF /* CoreData */,
				C5C0EE602E32C0D0005729DF /* Resources */,
				C5C0EE612E32C611005729DF /* Protocols */,
			);
			name = Pesoblu;
			productName = Pesoblu;
			productReference = C58674072AC71FD3000FCD5B /* Pesoblu.app */;
			productType = "com.apple.product-type.application";
		};
		C5B49F1C2D5AC965005AE2A9 /* PesobluTests */ = {
			isa = PBXNativeTarget;
			buildConfigurationList = C5B49F232D5AC965005AE2A9 /* Build configuration list for PBXNativeTarget "PesobluTests" */;
			buildPhases = (
				C5B49F192D5AC965005AE2A9 /* Sources */,
				C5B49F1A2D5AC965005AE2A9 /* Frameworks */,
				C5B49F1B2D5AC965005AE2A9 /* Resources */,
			);
			buildRules = (
			);
			dependencies = (
				C5B49F222D5AC965005AE2A9 /* PBXTargetDependency */,
			);
			fileSystemSynchronizedGroups = (
				C5B49F1E2D5AC965005AE2A9 /* PesobluTests */,
			);
			name = PesobluTests;
			packageProductDependencies = (
			);
			productName = PesobluTests;
			productReference = C5B49F1D2D5AC965005AE2A9 /* PesobluTests.xctest */;
			productType = "com.apple.product-type.bundle.unit-test";
		};
/* End PBXNativeTarget section */

/* Begin PBXProject section */
		C58673FF2AC71FD3000FCD5B /* Project object */ = {
			isa = PBXProject;
			attributes = {
				BuildIndependentTargetsInParallel = 1;
				LastSwiftUpdateCheck = 1620;
				LastUpgradeCheck = 1620;
				TargetAttributes = {
					C58674062AC71FD3000FCD5B = {
						CreatedOnToolsVersion = 15.0;
					};
					C5B49F1C2D5AC965005AE2A9 = {
						CreatedOnToolsVersion = 16.2;
						TestTargetID = C58674062AC71FD3000FCD5B;
					};
				};
			};
			buildConfigurationList = C58674022AC71FD3000FCD5B /* Build configuration list for PBXProject "Pesoblu" */;
			compatibilityVersion = "Xcode 14.0";
			developmentRegion = en;
			hasScannedForEncodings = 0;
			knownRegions = (
				en,
				Base,
				es,
				fr,
				he,
				ja,
				"pt-BR",
				ru,
			);
			mainGroup = C58673FE2AC71FD3000FCD5B;
			packageReferences = (
				C5E4E7402CC07B2A000A06C4 /* XCRemoteSwiftPackageReference "firebase-ios-sdk" */,
				C5C47C0B2CCAE5D500238099 /* XCRemoteSwiftPackageReference "GoogleSignIn-iOS" */,
				C58BAE6C2D69181200AD9559 /* XCRemoteSwiftPackageReference "Kingfisher" */,
				C5826C2E2DE4121B00BD0022 /* XCRemoteSwiftPackageReference "Alamofire" */,
			);
			productRefGroup = C58674082AC71FD3000FCD5B /* Products */;
			projectDirPath = "";
			projectRoot = "";
			targets = (
				C58674062AC71FD3000FCD5B /* Pesoblu */,
				C5B49F1C2D5AC965005AE2A9 /* PesobluTests */,
			);
		};
/* End PBXProject section */

/* Begin PBXResourcesBuildPhase section */
		C58674052AC71FD3000FCD5B /* Resources */ = {
			isa = PBXResourcesBuildPhase;
			buildActionMask = 2147483647;
			files = (
				C5AFD62E2DA7425500B3D244 /* GoogleService-Info.plist in Resources */,
			);
			runOnlyForDeploymentPostprocessing = 0;
		};
		C5B49F1B2D5AC965005AE2A9 /* Resources */ = {
			isa = PBXResourcesBuildPhase;
			buildActionMask = 2147483647;
			files = (
			);
			runOnlyForDeploymentPostprocessing = 0;
		};
/* End PBXResourcesBuildPhase section */

/* Begin PBXSourcesBuildPhase section */
		C58674032AC71FD3000FCD5B /* Sources */ = {
			isa = PBXSourcesBuildPhase;
			buildActionMask = 2147483647;
			files = (
			);
			runOnlyForDeploymentPostprocessing = 0;
		};
		C5B49F192D5AC965005AE2A9 /* Sources */ = {
			isa = PBXSourcesBuildPhase;
			buildActionMask = 2147483647;
			files = (
			);
			runOnlyForDeploymentPostprocessing = 0;
		};
/* End PBXSourcesBuildPhase section */

/* Begin PBXTargetDependency section */
		C5B49F222D5AC965005AE2A9 /* PBXTargetDependency */ = {
			isa = PBXTargetDependency;
			target = C58674062AC71FD3000FCD5B /* Pesoblu */;
			targetProxy = C5B49F212D5AC965005AE2A9 /* PBXContainerItemProxy */;
		};
/* End PBXTargetDependency section */

/* Begin XCBuildConfiguration section */
		C58674192AC71FD5000FCD5B /* Debug */ = {
			isa = XCBuildConfiguration;
			buildSettings = {
				ALWAYS_SEARCH_USER_PATHS = NO;
				ASSETCATALOG_COMPILER_GENERATE_SWIFT_ASSET_SYMBOL_EXTENSIONS = YES;
				CLANG_ANALYZER_LOCALIZABILITY_NONLOCALIZED = YES;
				CLANG_ANALYZER_NONNULL = YES;
				CLANG_ANALYZER_NUMBER_OBJECT_CONVERSION = YES_AGGRESSIVE;
				CLANG_CXX_LANGUAGE_STANDARD = "gnu++20";
				CLANG_ENABLE_MODULES = YES;
				CLANG_ENABLE_OBJC_ARC = YES;
				CLANG_ENABLE_OBJC_WEAK = YES;
				CLANG_WARN_BLOCK_CAPTURE_AUTORELEASING = YES;
				CLANG_WARN_BOOL_CONVERSION = YES;
				CLANG_WARN_COMMA = YES;
				CLANG_WARN_CONSTANT_CONVERSION = YES;
				CLANG_WARN_DEPRECATED_OBJC_IMPLEMENTATIONS = YES;
				CLANG_WARN_DIRECT_OBJC_ISA_USAGE = YES_ERROR;
				CLANG_WARN_DOCUMENTATION_COMMENTS = YES;
				CLANG_WARN_EMPTY_BODY = YES;
				CLANG_WARN_ENUM_CONVERSION = YES;
				CLANG_WARN_INFINITE_RECURSION = YES;
				CLANG_WARN_INT_CONVERSION = YES;
				CLANG_WARN_NON_LITERAL_NULL_CONVERSION = YES;
				CLANG_WARN_OBJC_IMPLICIT_RETAIN_SELF = YES;
				CLANG_WARN_OBJC_LITERAL_CONVERSION = YES;
				CLANG_WARN_OBJC_ROOT_CLASS = YES_ERROR;
				CLANG_WARN_QUOTED_INCLUDE_IN_FRAMEWORK_HEADER = YES;
				CLANG_WARN_RANGE_LOOP_ANALYSIS = YES;
				CLANG_WARN_STRICT_PROTOTYPES = YES;
				CLANG_WARN_SUSPICIOUS_MOVE = YES;
				CLANG_WARN_UNGUARDED_AVAILABILITY = YES_AGGRESSIVE;
				CLANG_WARN_UNREACHABLE_CODE = YES;
				CLANG_WARN__DUPLICATE_METHOD_MATCH = YES;
				COPY_PHASE_STRIP = NO;
				DEBUG_INFORMATION_FORMAT = dwarf;
				ENABLE_STRICT_OBJC_MSGSEND = YES;
				ENABLE_TESTABILITY = YES;
				ENABLE_USER_SCRIPT_SANDBOXING = YES;
				GCC_C_LANGUAGE_STANDARD = gnu17;
				GCC_DYNAMIC_NO_PIC = NO;
				GCC_NO_COMMON_BLOCKS = YES;
				GCC_OPTIMIZATION_LEVEL = 0;
				GCC_PREPROCESSOR_DEFINITIONS = (
					"DEBUG=1",
					"$(inherited)",
				);
				GCC_WARN_64_TO_32_BIT_CONVERSION = YES;
				GCC_WARN_ABOUT_RETURN_TYPE = YES_ERROR;
				GCC_WARN_UNDECLARED_SELECTOR = YES;
				GCC_WARN_UNINITIALIZED_AUTOS = YES_AGGRESSIVE;
				GCC_WARN_UNUSED_FUNCTION = YES;
				GCC_WARN_UNUSED_VARIABLE = YES;
				IPHONEOS_DEPLOYMENT_TARGET = 17.0;
				LOCALIZATION_PREFERS_STRING_CATALOGS = YES;
				MTL_ENABLE_DEBUG_INFO = INCLUDE_SOURCE;
				MTL_FAST_MATH = YES;
				ONLY_ACTIVE_ARCH = YES;
				SDKROOT = iphoneos;
				SWIFT_ACTIVE_COMPILATION_CONDITIONS = "DEBUG $(inherited)";
				SWIFT_OPTIMIZATION_LEVEL = "-Onone";
			};
			name = Debug;
		};
		C586741A2AC71FD5000FCD5B /* Release */ = {
			isa = XCBuildConfiguration;
			buildSettings = {
				ALWAYS_SEARCH_USER_PATHS = NO;
				ASSETCATALOG_COMPILER_GENERATE_SWIFT_ASSET_SYMBOL_EXTENSIONS = YES;
				CLANG_ANALYZER_LOCALIZABILITY_NONLOCALIZED = YES;
				CLANG_ANALYZER_NONNULL = YES;
				CLANG_ANALYZER_NUMBER_OBJECT_CONVERSION = YES_AGGRESSIVE;
				CLANG_CXX_LANGUAGE_STANDARD = "gnu++20";
				CLANG_ENABLE_MODULES = YES;
				CLANG_ENABLE_OBJC_ARC = YES;
				CLANG_ENABLE_OBJC_WEAK = YES;
				CLANG_WARN_BLOCK_CAPTURE_AUTORELEASING = YES;
				CLANG_WARN_BOOL_CONVERSION = YES;
				CLANG_WARN_COMMA = YES;
				CLANG_WARN_CONSTANT_CONVERSION = YES;
				CLANG_WARN_DEPRECATED_OBJC_IMPLEMENTATIONS = YES;
				CLANG_WARN_DIRECT_OBJC_ISA_USAGE = YES_ERROR;
				CLANG_WARN_DOCUMENTATION_COMMENTS = YES;
				CLANG_WARN_EMPTY_BODY = YES;
				CLANG_WARN_ENUM_CONVERSION = YES;
				CLANG_WARN_INFINITE_RECURSION = YES;
				CLANG_WARN_INT_CONVERSION = YES;
				CLANG_WARN_NON_LITERAL_NULL_CONVERSION = YES;
				CLANG_WARN_OBJC_IMPLICIT_RETAIN_SELF = YES;
				CLANG_WARN_OBJC_LITERAL_CONVERSION = YES;
				CLANG_WARN_OBJC_ROOT_CLASS = YES_ERROR;
				CLANG_WARN_QUOTED_INCLUDE_IN_FRAMEWORK_HEADER = YES;
				CLANG_WARN_RANGE_LOOP_ANALYSIS = YES;
				CLANG_WARN_STRICT_PROTOTYPES = YES;
				CLANG_WARN_SUSPICIOUS_MOVE = YES;
				CLANG_WARN_UNGUARDED_AVAILABILITY = YES_AGGRESSIVE;
				CLANG_WARN_UNREACHABLE_CODE = YES;
				CLANG_WARN__DUPLICATE_METHOD_MATCH = YES;
				COPY_PHASE_STRIP = NO;
				DEBUG_INFORMATION_FORMAT = "dwarf-with-dsym";
				ENABLE_NS_ASSERTIONS = NO;
				ENABLE_STRICT_OBJC_MSGSEND = YES;
				ENABLE_USER_SCRIPT_SANDBOXING = YES;
				GCC_C_LANGUAGE_STANDARD = gnu17;
				GCC_NO_COMMON_BLOCKS = YES;
				GCC_WARN_64_TO_32_BIT_CONVERSION = YES;
				GCC_WARN_ABOUT_RETURN_TYPE = YES_ERROR;
				GCC_WARN_UNDECLARED_SELECTOR = YES;
				GCC_WARN_UNINITIALIZED_AUTOS = YES_AGGRESSIVE;
				GCC_WARN_UNUSED_FUNCTION = YES;
				GCC_WARN_UNUSED_VARIABLE = YES;
				IPHONEOS_DEPLOYMENT_TARGET = 17.0;
				LOCALIZATION_PREFERS_STRING_CATALOGS = YES;
				MTL_ENABLE_DEBUG_INFO = NO;
				MTL_FAST_MATH = YES;
				SDKROOT = iphoneos;
				SWIFT_COMPILATION_MODE = wholemodule;
				VALIDATE_PRODUCT = YES;
			};
			name = Release;
		};
		C586741C2AC71FD5000FCD5B /* Debug */ = {
			isa = XCBuildConfiguration;
			buildSettings = {
				ASSETCATALOG_COMPILER_APPICON_NAME = AppIcon;
				ASSETCATALOG_COMPILER_GLOBAL_ACCENT_COLOR_NAME = AccentColor;
				CODE_SIGN_ENTITLEMENTS = Pesoblu/Pesoblu.entitlements;
				CODE_SIGN_STYLE = Automatic;
				CURRENT_PROJECT_VERSION = 1;
				DEVELOPMENT_TEAM = TKYW6DY62B;
				GENERATE_INFOPLIST_FILE = YES;
				INFOPLIST_FILE = Pesoblu/Info.plist;
				INFOPLIST_KEY_CFBundleDisplayName = Pesoblu;
				INFOPLIST_KEY_NSLocationAlwaysAndWhenInUseUsageDescription = "Necesitamos tu ubicación para mostrar distancias precisas.";
				INFOPLIST_KEY_NSLocationWhenInUseUsageDescription = "Usaremos tu ubicación para calcular distancias a los lugares cercanos.";
				INFOPLIST_KEY_UIApplicationSupportsIndirectInputEvents = YES;
				INFOPLIST_KEY_UILaunchStoryboardName = LaunchScreen;
				INFOPLIST_KEY_UISupportedInterfaceOrientations = "UIInterfaceOrientationLandscapeLeft UIInterfaceOrientationLandscapeRight UIInterfaceOrientationPortrait";
				IPHONEOS_DEPLOYMENT_TARGET = 17.0;
				LD_RUNPATH_SEARCH_PATHS = (
					"$(inherited)",
					"@executable_path/Frameworks",
				);
				MARKETING_VERSION = 1.0;
				PRODUCT_BUNDLE_IDENTIFIER = dcarcacha.Pesoblu;
				PRODUCT_NAME = "$(TARGET_NAME)";
				SWIFT_EMIT_LOC_STRINGS = YES;
				SWIFT_VERSION = 5.0;
				TARGETED_DEVICE_FAMILY = "1,2";
			};
			name = Debug;
		};
		C586741D2AC71FD5000FCD5B /* Release */ = {
			isa = XCBuildConfiguration;
			buildSettings = {
				ASSETCATALOG_COMPILER_APPICON_NAME = AppIcon;
				ASSETCATALOG_COMPILER_GLOBAL_ACCENT_COLOR_NAME = AccentColor;
				CODE_SIGN_ENTITLEMENTS = Pesoblu/Pesoblu.entitlements;
				CODE_SIGN_STYLE = Automatic;
				CURRENT_PROJECT_VERSION = 1;
				DEVELOPMENT_TEAM = TKYW6DY62B;
				GENERATE_INFOPLIST_FILE = YES;
				INFOPLIST_FILE = Pesoblu/Info.plist;
				INFOPLIST_KEY_CFBundleDisplayName = Pesoblu;
				INFOPLIST_KEY_NSLocationAlwaysAndWhenInUseUsageDescription = "Necesitamos tu ubicación para mostrar distancias precisas.";
				INFOPLIST_KEY_NSLocationWhenInUseUsageDescription = "Usaremos tu ubicación para calcular distancias a los lugares cercanos.";
				INFOPLIST_KEY_UIApplicationSupportsIndirectInputEvents = YES;
				INFOPLIST_KEY_UILaunchStoryboardName = LaunchScreen;
				INFOPLIST_KEY_UISupportedInterfaceOrientations = "UIInterfaceOrientationLandscapeLeft UIInterfaceOrientationLandscapeRight UIInterfaceOrientationPortrait";
				IPHONEOS_DEPLOYMENT_TARGET = 17.0;
				LD_RUNPATH_SEARCH_PATHS = (
					"$(inherited)",
					"@executable_path/Frameworks",
				);
				MARKETING_VERSION = 1.0;
				PRODUCT_BUNDLE_IDENTIFIER = dcarcacha.Pesoblu;
				PRODUCT_NAME = "$(TARGET_NAME)";
				SWIFT_EMIT_LOC_STRINGS = YES;
				SWIFT_VERSION = 5.0;
				TARGETED_DEVICE_FAMILY = "1,2";
			};
			name = Release;
		};
		C5B49F242D5AC965005AE2A9 /* Debug */ = {
			isa = XCBuildConfiguration;
			buildSettings = {
				BUNDLE_LOADER = "$(TEST_HOST)";
				CODE_SIGN_STYLE = Automatic;
				CURRENT_PROJECT_VERSION = 1;
				DEVELOPMENT_TEAM = TKYW6DY62B;
				GENERATE_INFOPLIST_FILE = YES;
				IPHONEOS_DEPLOYMENT_TARGET = 18.1;
				MARKETING_VERSION = 1.0;
				PRODUCT_BUNDLE_IDENTIFIER = com.dcarcacha.PesobluTests;
				PRODUCT_NAME = "$(TARGET_NAME)";
				SWIFT_EMIT_LOC_STRINGS = NO;
				SWIFT_VERSION = 5.0;
				TARGETED_DEVICE_FAMILY = "1,2";
				TEST_HOST = "$(BUILT_PRODUCTS_DIR)/Pesoblu.app/$(BUNDLE_EXECUTABLE_FOLDER_PATH)/Pesoblu";
			};
			name = Debug;
		};
		C5B49F252D5AC965005AE2A9 /* Release */ = {
			isa = XCBuildConfiguration;
			buildSettings = {
				BUNDLE_LOADER = "$(TEST_HOST)";
				CODE_SIGN_STYLE = Automatic;
				CURRENT_PROJECT_VERSION = 1;
				DEVELOPMENT_TEAM = TKYW6DY62B;
				GENERATE_INFOPLIST_FILE = YES;
				IPHONEOS_DEPLOYMENT_TARGET = 18.1;
				MARKETING_VERSION = 1.0;
				PRODUCT_BUNDLE_IDENTIFIER = com.dcarcacha.PesobluTests;
				PRODUCT_NAME = "$(TARGET_NAME)";
				SWIFT_EMIT_LOC_STRINGS = NO;
				SWIFT_VERSION = 5.0;
				TARGETED_DEVICE_FAMILY = "1,2";
				TEST_HOST = "$(BUILT_PRODUCTS_DIR)/Pesoblu.app/$(BUNDLE_EXECUTABLE_FOLDER_PATH)/Pesoblu";
			};
			name = Release;
		};
/* End XCBuildConfiguration section */

/* Begin XCConfigurationList section */
		C58674022AC71FD3000FCD5B /* Build configuration list for PBXProject "Pesoblu" */ = {
			isa = XCConfigurationList;
			buildConfigurations = (
				C58674192AC71FD5000FCD5B /* Debug */,
				C586741A2AC71FD5000FCD5B /* Release */,
			);
			defaultConfigurationIsVisible = 0;
			defaultConfigurationName = Release;
		};
		C586741B2AC71FD5000FCD5B /* Build configuration list for PBXNativeTarget "Pesoblu" */ = {
			isa = XCConfigurationList;
			buildConfigurations = (
				C586741C2AC71FD5000FCD5B /* Debug */,
				C586741D2AC71FD5000FCD5B /* Release */,
			);
			defaultConfigurationIsVisible = 0;
			defaultConfigurationName = Release;
		};
		C5B49F232D5AC965005AE2A9 /* Build configuration list for PBXNativeTarget "PesobluTests" */ = {
			isa = XCConfigurationList;
			buildConfigurations = (
				C5B49F242D5AC965005AE2A9 /* Debug */,
				C5B49F252D5AC965005AE2A9 /* Release */,
			);
			defaultConfigurationIsVisible = 0;
			defaultConfigurationName = Release;
		};
/* End XCConfigurationList section */

/* Begin XCRemoteSwiftPackageReference section */
		C5826C2E2DE4121B00BD0022 /* XCRemoteSwiftPackageReference "Alamofire" */ = {
			isa = XCRemoteSwiftPackageReference;
			repositoryURL = "https://github.com/Alamofire/Alamofire.git";
			requirement = {
				kind = upToNextMajorVersion;
				minimumVersion = 5.10.2;
			};
		};
		C58BAE6C2D69181200AD9559 /* XCRemoteSwiftPackageReference "Kingfisher" */ = {
			isa = XCRemoteSwiftPackageReference;
			repositoryURL = "https://github.com/onevcat/Kingfisher.git";
			requirement = {
				kind = upToNextMajorVersion;
				minimumVersion = 8.2.0;
			};
		};
		C5C47C0B2CCAE5D500238099 /* XCRemoteSwiftPackageReference "GoogleSignIn-iOS" */ = {
			isa = XCRemoteSwiftPackageReference;
			repositoryURL = "https://github.com/google/GoogleSignIn-iOS";
			requirement = {
				kind = upToNextMajorVersion;
				minimumVersion = 8.0.0;
			};
		};
		C5E4E7402CC07B2A000A06C4 /* XCRemoteSwiftPackageReference "firebase-ios-sdk" */ = {
			isa = XCRemoteSwiftPackageReference;
			repositoryURL = "https://github.com/firebase/firebase-ios-sdk.git";
			requirement = {
				kind = upToNextMajorVersion;
				minimumVersion = 11.3.0;
			};
		};
/* End XCRemoteSwiftPackageReference section */

/* Begin XCSwiftPackageProductDependency section */
		C5826C2F2DE4124200BD0022 /* Alamofire */ = {
			isa = XCSwiftPackageProductDependency;
			package = C5826C2E2DE4121B00BD0022 /* XCRemoteSwiftPackageReference "Alamofire" */;
			productName = Alamofire;
		};
		C58BAE6D2D69181200AD9559 /* Kingfisher */ = {
			isa = XCSwiftPackageProductDependency;
			package = C58BAE6C2D69181200AD9559 /* XCRemoteSwiftPackageReference "Kingfisher" */;
			productName = Kingfisher;
		};
		C5C47C092CC9D8FF00238099 /* FirebaseAuth */ = {
			isa = XCSwiftPackageProductDependency;
			package = C5E4E7402CC07B2A000A06C4 /* XCRemoteSwiftPackageReference "firebase-ios-sdk" */;
			productName = FirebaseAuth;
		};
		C5C47C0C2CCAE5D500238099 /* GoogleSignIn */ = {
			isa = XCSwiftPackageProductDependency;
			package = C5C47C0B2CCAE5D500238099 /* XCRemoteSwiftPackageReference "GoogleSignIn-iOS" */;
			productName = GoogleSignIn;
		};
		C5C47C0E2CCAE5D500238099 /* GoogleSignInSwift */ = {
			isa = XCSwiftPackageProductDependency;
			package = C5C47C0B2CCAE5D500238099 /* XCRemoteSwiftPackageReference "GoogleSignIn-iOS" */;
			productName = GoogleSignInSwift;
		};
		C5E4E7412CC07B2A000A06C4 /* FirebaseAnalytics */ = {
			isa = XCSwiftPackageProductDependency;
			package = C5E4E7402CC07B2A000A06C4 /* XCRemoteSwiftPackageReference "firebase-ios-sdk" */;
			productName = FirebaseAnalytics;
		};
		C5E4E7472CC08509000A06C4 /* FirebaseAnalytics */ = {
			isa = XCSwiftPackageProductDependency;
			package = C5E4E7402CC07B2A000A06C4 /* XCRemoteSwiftPackageReference "firebase-ios-sdk" */;
			productName = FirebaseAnalytics;
		};
		C5E4E7492CC08509000A06C4 /* FirebaseAnalyticsOnDeviceConversion */ = {
			isa = XCSwiftPackageProductDependency;
			package = C5E4E7402CC07B2A000A06C4 /* XCRemoteSwiftPackageReference "firebase-ios-sdk" */;
			productName = FirebaseAnalyticsOnDeviceConversion;
		};
		C5E4E74D2CC086EE000A06C4 /* FirebaseAnalytics */ = {
			isa = XCSwiftPackageProductDependency;
			package = C5E4E7402CC07B2A000A06C4 /* XCRemoteSwiftPackageReference "firebase-ios-sdk" */;
			productName = FirebaseAnalytics;
		};
		C5E4E7552CC090E5000A06C4 /* FirebaseAnalytics */ = {
			isa = XCSwiftPackageProductDependency;
			package = C5E4E7402CC07B2A000A06C4 /* XCRemoteSwiftPackageReference "firebase-ios-sdk" */;
			productName = FirebaseAnalytics;
		};
		C5E4E7572CC09545000A06C4 /* FirebaseAnalytics */ = {
			isa = XCSwiftPackageProductDependency;
			package = C5E4E7402CC07B2A000A06C4 /* XCRemoteSwiftPackageReference "firebase-ios-sdk" */;
			productName = FirebaseAnalytics;
		};
		C5E4E75C2CC09670000A06C4 /* FirebaseAnalyticsOnDeviceConversion */ = {
			isa = XCSwiftPackageProductDependency;
			package = C5E4E7402CC07B2A000A06C4 /* XCRemoteSwiftPackageReference "firebase-ios-sdk" */;
			productName = FirebaseAnalyticsOnDeviceConversion;
		};
/* End XCSwiftPackageProductDependency section */
	};
	rootObject = C58673FF2AC71FD3000FCD5B /* Project object */;
}
